
Microsoft Visual Studio Solution File, Format Version 12.00
# Visual Studio 15
VisualStudioVersion = 15.0.26124.0
MinimumVisualStudioVersion = 15.0.26124.0
Project("{2150E333-8FDC-42A3-9474-1A3956D46DE8}") = "src", "src", "{A244E81F-0A3B-4EE1-B1E4-8E895B8E7F35}"
EndProject
Project("{9A19103F-16F7-4668-BE54-9A1E7A4F7556}") = "NFig.AspNetCore", "src\NFig.AspNetCore\NFig.AspNetCore.csproj", "{F9E75427-759A-4A65-81AE-1FDC5D6F0ECD}"
EndProject
Project("{2150E333-8FDC-42A3-9474-1A3956D46DE8}") = "tests", "tests", "{0268A64F-3BA6-4332-AA78-5A5B4A38F344}"
EndProject
Project("{9A19103F-16F7-4668-BE54-9A1E7A4F7556}") = "NFig.AspNetCore.Tests", "tests\NFig.AspNetCore.Tests\NFig.AspNetCore.Tests.csproj", "{7953C582-99FA-4C94-93E7-A48D77E634CA}"
EndProject
Project("{FAE04EC0-301F-11D3-BF4B-00C04F79EFBC}") = "NFig.AspNetCore.Sample", "samples\NFig.AspNetCore.Sample\NFig.AspNetCore.Sample.csproj", "{415E6075-C99D-4BD7-AF88-F3B6AADE3077}"
EndProject
Project("{2150E333-8FDC-42A3-9474-1A3956D46DE8}") = "samples", "samples", "{5632544F-EC63-4C0F-A7B3-37C555883529}"
EndProject
Global
	GlobalSection(SolutionConfigurationPlatforms) = preSolution
		Debug|Any CPU = Debug|Any CPU
		Debug|x64 = Debug|x64
		Debug|x86 = Debug|x86
		Release|Any CPU = Release|Any CPU
		Release|x64 = Release|x64
		Release|x86 = Release|x86
	EndGlobalSection
	GlobalSection(ProjectConfigurationPlatforms) = postSolution
		{F9E75427-759A-4A65-81AE-1FDC5D6F0ECD}.Debug|Any CPU.ActiveCfg = Debug|Any CPU
		{F9E75427-759A-4A65-81AE-1FDC5D6F0ECD}.Debug|Any CPU.Build.0 = Debug|Any CPU
		{F9E75427-759A-4A65-81AE-1FDC5D6F0ECD}.Debug|x64.ActiveCfg = Debug|Any CPU
		{F9E75427-759A-4A65-81AE-1FDC5D6F0ECD}.Debug|x64.Build.0 = Debug|Any CPU
		{F9E75427-759A-4A65-81AE-1FDC5D6F0ECD}.Debug|x86.ActiveCfg = Debug|Any CPU
		{F9E75427-759A-4A65-81AE-1FDC5D6F0ECD}.Debug|x86.Build.0 = Debug|Any CPU
		{F9E75427-759A-4A65-81AE-1FDC5D6F0ECD}.Release|Any CPU.ActiveCfg = Release|Any CPU
		{F9E75427-759A-4A65-81AE-1FDC5D6F0ECD}.Release|Any CPU.Build.0 = Release|Any CPU
		{F9E75427-759A-4A65-81AE-1FDC5D6F0ECD}.Release|x64.ActiveCfg = Release|Any CPU
		{F9E75427-759A-4A65-81AE-1FDC5D6F0ECD}.Release|x64.Build.0 = Release|Any CPU
		{F9E75427-759A-4A65-81AE-1FDC5D6F0ECD}.Release|x86.ActiveCfg = Release|Any CPU
		{F9E75427-759A-4A65-81AE-1FDC5D6F0ECD}.Release|x86.Build.0 = Release|Any CPU
		{7953C582-99FA-4C94-93E7-A48D77E634CA}.Debug|Any CPU.ActiveCfg = Debug|Any CPU
		{7953C582-99FA-4C94-93E7-A48D77E634CA}.Debug|Any CPU.Build.0 = Debug|Any CPU
		{7953C582-99FA-4C94-93E7-A48D77E634CA}.Debug|x64.ActiveCfg = Debug|Any CPU
		{7953C582-99FA-4C94-93E7-A48D77E634CA}.Debug|x64.Build.0 = Debug|Any CPU
		{7953C582-99FA-4C94-93E7-A48D77E634CA}.Debug|x86.ActiveCfg = Debug|Any CPU
		{7953C582-99FA-4C94-93E7-A48D77E634CA}.Debug|x86.Build.0 = Debug|Any CPU
		{7953C582-99FA-4C94-93E7-A48D77E634CA}.Release|Any CPU.ActiveCfg = Release|Any CPU
		{7953C582-99FA-4C94-93E7-A48D77E634CA}.Release|Any CPU.Build.0 = Release|Any CPU
		{7953C582-99FA-4C94-93E7-A48D77E634CA}.Release|x64.ActiveCfg = Release|Any CPU
		{7953C582-99FA-4C94-93E7-A48D77E634CA}.Release|x64.Build.0 = Release|Any CPU
		{7953C582-99FA-4C94-93E7-A48D77E634CA}.Release|x86.ActiveCfg = Release|Any CPU
		{7953C582-99FA-4C94-93E7-A48D77E634CA}.Release|x86.Build.0 = Release|Any CPU
		{415E6075-C99D-4BD7-AF88-F3B6AADE3077}.Debug|Any CPU.ActiveCfg = Debug|Any CPU
		{415E6075-C99D-4BD7-AF88-F3B6AADE3077}.Debug|Any CPU.Build.0 = Debug|Any CPU
		{415E6075-C99D-4BD7-AF88-F3B6AADE3077}.Debug|x64.ActiveCfg = Debug|Any CPU
		{415E6075-C99D-4BD7-AF88-F3B6AADE3077}.Debug|x64.Build.0 = Debug|Any CPU
		{415E6075-C99D-4BD7-AF88-F3B6AADE3077}.Debug|x86.ActiveCfg = Debug|Any CPU
		{415E6075-C99D-4BD7-AF88-F3B6AADE3077}.Debug|x86.Build.0 = Debug|Any CPU
		{415E6075-C99D-4BD7-AF88-F3B6AADE3077}.Release|Any CPU.ActiveCfg = Release|Any CPU
		{415E6075-C99D-4BD7-AF88-F3B6AADE3077}.Release|Any CPU.Build.0 = Release|Any CPU
		{415E6075-C99D-4BD7-AF88-F3B6AADE3077}.Release|x64.ActiveCfg = Release|Any CPU
		{415E6075-C99D-4BD7-AF88-F3B6AADE3077}.Release|x64.Build.0 = Release|Any CPU
		{415E6075-C99D-4BD7-AF88-F3B6AADE3077}.Release|x86.ActiveCfg = Release|Any CPU
		{415E6075-C99D-4BD7-AF88-F3B6AADE3077}.Release|x86.Build.0 = Release|Any CPU
	EndGlobalSection
	GlobalSection(SolutionProperties) = preSolution
		HideSolutionNode = FALSE
	EndGlobalSection
	GlobalSection(NestedProjects) = preSolution
		{F9E75427-759A-4A65-81AE-1FDC5D6F0ECD} = {A244E81F-0A3B-4EE1-B1E4-8E895B8E7F35}
		{7953C582-99FA-4C94-93E7-A48D77E634CA} = {0268A64F-3BA6-4332-AA78-5A5B4A38F344}
		{415E6075-C99D-4BD7-AF88-F3B6AADE3077} = {5632544F-EC63-4C0F-A7B3-37C555883529}
	EndGlobalSection
	GlobalSection(ExtensibilityGlobals) = postSolution
		SolutionGuid = {C54DF061-8D2D-4E96-98EC-E9004EC9E75C}
	EndGlobalSection
EndGlobal
